
Microsoft Visual Studio Solution File, Format Version 12.00
# Visual Studio Version 16
VisualStudioVersion = 16.0.28803.352
MinimumVisualStudioVersion = 10.0.40219.1
Project("{9A19103F-16F7-4668-BE54-9A1E7A4F7556}") = "ClimaMundi.Api", "ClimaMundi.Api\ClimaMundi.Api.csproj", "{9A1A8E80-F9D2-40F6-BE43-FA261E48E156}"
EndProject
Project("{9A19103F-16F7-4668-BE54-9A1E7A4F7556}") = "ClimaMundi.Api.Test", "ClimaMundi.Test\ClimaMundi.Api.Test.csproj", "{1115FF90-5CBF-4D83-81DD-E88262E08CAB}"
EndProject
Project("{9A19103F-16F7-4668-BE54-9A1E7A4F7556}") = "ClimaMundi.Core", "ClimaMundi.Core\ClimaMundi.Core.csproj", "{4CA9FA81-F489-486B-A922-050097109A6D}"
EndProject
Global
	GlobalSection(SolutionConfigurationPlatforms) = preSolution
		Debug|Any CPU = Debug|Any CPU
		Release|Any CPU = Release|Any CPU
	EndGlobalSection
	GlobalSection(ProjectConfigurationPlatforms) = postSolution
		{9A1A8E80-F9D2-40F6-BE43-FA261E48E156}.Debug|Any CPU.ActiveCfg = Debug|Any CPU
		{9A1A8E80-F9D2-40F6-BE43-FA261E48E156}.Debug|Any CPU.Build.0 = Debug|Any CPU
		{9A1A8E80-F9D2-40F6-BE43-FA261E48E156}.Release|Any CPU.ActiveCfg = Release|Any CPU
		{9A1A8E80-F9D2-40F6-BE43-FA261E48E156}.Release|Any CPU.Build.0 = Release|Any CPU
		{1115FF90-5CBF-4D83-81DD-E88262E08CAB}.Debug|Any CPU.ActiveCfg = Debug|Any CPU
		{1115FF90-5CBF-4D83-81DD-E88262E08CAB}.Debug|Any CPU.Build.0 = Debug|Any CPU
		{1115FF90-5CBF-4D83-81DD-E88262E08CAB}.Release|Any CPU.ActiveCfg = Release|Any CPU
		{1115FF90-5CBF-4D83-81DD-E88262E08CAB}.Release|Any CPU.Build.0 = Release|Any CPU
		{4CA9FA81-F489-486B-A922-050097109A6D}.Debug|Any CPU.ActiveCfg = Debug|Any CPU
		{4CA9FA81-F489-486B-A922-050097109A6D}.Debug|Any CPU.Build.0 = Debug|Any CPU
		{4CA9FA81-F489-486B-A922-050097109A6D}.Release|Any CPU.ActiveCfg = Release|Any CPU
		{4CA9FA81-F489-486B-A922-050097109A6D}.Release|Any CPU.Build.0 = Release|Any CPU
	EndGlobalSection
	GlobalSection(SolutionProperties) = preSolution
		HideSolutionNode = FALSE
	EndGlobalSection
	GlobalSection(ExtensibilityGlobals) = postSolution
		SolutionGuid = {EF987CFA-F9D0-45E5-A77B-209A9743C77A}
	EndGlobalSection
EndGlobal
